{
  "name": "@nll/preact-ui",
  "version": "1.0.0",
  "lockfileVersion": 1,
  "requires": true,
  "dependencies": {
    "@nll/css": {
      "version": "8.4.0",
      "resolved": "https://registry.npmjs.org/@nll/css/-/css-8.4.0.tgz",
      "integrity": "sha512-KKQpURcKqfTDr9a+BZivNnIdr2RXyo9jQYgmOFPj3zg8hvZNV8tSRKvH/MPRgIjlBPH8px9JG5aCZv9THokzTA==",
      "dev": true
    },
    "@nll/datum": {
      "version": "2.2.1",
      "resolved": "https://registry.npmjs.org/@nll/datum/-/datum-2.2.1.tgz",
      "integrity": "sha512-hwXxZ6pEz5yS7nK6t/GW7/CEp0fhTrqzadmBmfcbydadL20AtzPIZTuudg4Zykj/WQURx/ORRcxQNDf4hHS62A==",
      "dev": true
    },
    "preact": {
      "version": "10.0.0-rc.1",
      "resolved": "https://registry.npmjs.org/preact/-/preact-10.0.0-rc.1.tgz",
      "integrity": "sha512-DyG8ySCbrQZ8w4cSyxnofM6yH/hzyYLHmIrE3xL1FjSCX4DpvVmP7DTpkV535FSQX0d2zOscb7DCIY+crBtxow==",
      "dev": true
    }
  }
}
